
Microsoft Visual Studio Solution File, Format Version 12.00
# Visual Studio Version 16
VisualStudioVersion = 16.0.31005.135
MinimumVisualStudioVersion = 10.0.40219.1
Project("{FAE04EC0-301F-11D3-BF4B-00C04F79EFBC}") = "CSharpCalculadora", "CSharpCalculadora.csproj", "{D1F2032A-318C-4D67-B673-D6F52586AC3C}"
EndProject
Global
	GlobalSection(SolutionConfigurationPlatforms) = preSolution
		Debug|Any CPU = Debug|Any CPU
		Release|Any CPU = Release|Any CPU
	EndGlobalSection
	GlobalSection(ProjectConfigurationPlatforms) = postSolution
		{D1F2032A-318C-4D67-B673-D6F52586AC3C}.Debug|Any CPU.ActiveCfg = Debug|Any CPU
		{D1F2032A-318C-4D67-B673-D6F52586AC3C}.Debug|Any CPU.Build.0 = Debug|Any CPU
		{D1F2032A-318C-4D67-B673-D6F52586AC3C}.Release|Any CPU.ActiveCfg = Release|Any CPU
		{D1F2032A-318C-4D67-B673-D6F52586AC3C}.Release|Any CPU.Build.0 = Release|Any CPU
	EndGlobalSection
	GlobalSection(SolutionProperties) = preSolution
		HideSolutionNode = FALSE
	EndGlobalSection
	GlobalSection(ExtensibilityGlobals) = postSolution
		SolutionGuid = {A9297FDD-7586-4A7A-B57C-1741335380BB}
	EndGlobalSection
EndGlobal
